
Microsoft Visual Studio Solution File, Format Version 12.00
# Visual Studio Version 16
VisualStudioVersion = 16.0.31005.135
MinimumVisualStudioVersion = 10.0.40219.1
Project("{FAE04EC0-301F-11D3-BF4B-00C04F79EFBC}") = "Level3SD_BA_SZL", "Level3SD_BA_SZL\Level3SD_BA_SZL.csproj", "{D38CA992-6E31-4D17-BDB7-FCEB379E0E9A}"
EndProject
Global
	GlobalSection(SolutionConfigurationPlatforms) = preSolution
		Debug|Any CPU = Debug|Any CPU
		Release|Any CPU = Release|Any CPU
	EndGlobalSection
	GlobalSection(ProjectConfigurationPlatforms) = postSolution
		{D38CA992-6E31-4D17-BDB7-FCEB379E0E9A}.Debug|Any CPU.ActiveCfg = Debug|Any CPU
		{D38CA992-6E31-4D17-BDB7-FCEB379E0E9A}.Debug|Any CPU.Build.0 = Debug|Any CPU
		{D38CA992-6E31-4D17-BDB7-FCEB379E0E9A}.Release|Any CPU.ActiveCfg = Release|Any CPU
		{D38CA992-6E31-4D17-BDB7-FCEB379E0E9A}.Release|Any CPU.Build.0 = Release|Any CPU
	EndGlobalSection
	GlobalSection(SolutionProperties) = preSolution
		HideSolutionNode = FALSE
	EndGlobalSection
	GlobalSection(ExtensibilityGlobals) = postSolution
		SolutionGuid = {F7D4097C-EE27-4718-B1C9-421E3AA8B6D2}
	EndGlobalSection
EndGlobal
